// !$*UTF8*$!
{
	archiveVersion = 1;
	classes = {
	};
	objectVersion = 50;
	objects = {

/* Begin PBXBuildFile section */
		025AC38B20C0AFDD000E0837 /* AppDelegate.swift in Sources */ = {isa = PBXBuildFile; fileRef = 025AC38A20C0AFDD000E0837 /* AppDelegate.swift */; };
		025AC38D20C0AFDD000E0837 /* ViewController.swift in Sources */ = {isa = PBXBuildFile; fileRef = 025AC38C20C0AFDD000E0837 /* ViewController.swift */; };
		025AC38F20C0AFE0000E0837 /* Assets.xcassets in Resources */ = {isa = PBXBuildFile; fileRef = 025AC38E20C0AFE0000E0837 /* Assets.xcassets */; };
		025AC39220C0AFE0000E0837 /* Main.storyboard in Resources */ = {isa = PBXBuildFile; fileRef = 025AC39020C0AFE0000E0837 /* Main.storyboard */; };
		025AC39B20C0B09C000E0837 /* BandwidthView.swift in Sources */ = {isa = PBXBuildFile; fileRef = 025AC39A20C0B09C000E0837 /* BandwidthView.swift */; };
		025AC39D20C0B120000E0837 /* CPUUsageView.swift in Sources */ = {isa = PBXBuildFile; fileRef = 025AC39C20C0B120000E0837 /* CPUUsageView.swift */; };
		025AC39F20C0CD77000E0837 /* cpu_mem_util in Resources */ = {isa = PBXBuildFile; fileRef = 025AC39E20C0CD77000E0837 /* cpu_mem_util */; };
		0275B7CA20C3A1BF000BEC7F /* Battery.swift in Sources */ = {isa = PBXBuildFile; fileRef = 0275B7C920C3A1BF000BEC7F /* Battery.swift */; };
		0275B7CC20C3B015000BEC7F /* MemUsageView.swift in Sources */ = {isa = PBXBuildFile; fileRef = 0275B7CB20C3B015000BEC7F /* MemUsageView.swift */; };
		0275B7CF20C3BE8D000BEC7F /* smc.c in Sources */ = {isa = PBXBuildFile; fileRef = 0275B7CE20C3BE8D000BEC7F /* smc.c */; };
		0275B7D220C3BEAE000BEC7F /* SMCObjC.m in Sources */ = {isa = PBXBuildFile; fileRef = 0275B7D120C3BEAE000BEC7F /* SMCObjC.m */; };
		0275B7D520C3C211000BEC7F /* SMC.swift in Sources */ = {isa = PBXBuildFile; fileRef = 0275B7D420C3C211000BEC7F /* SMC.swift */; };
		0275B7DE20C3D1B3000BEC7F /* String.swift in Sources */ = {isa = PBXBuildFile; fileRef = 0275B7D720C3D1B2000BEC7F /* String.swift */; };
		0275B7DF20C3D1B3000BEC7F /* FileHandle.swift in Sources */ = {isa = PBXBuildFile; fileRef = 0275B7D820C3D1B2000BEC7F /* FileHandle.swift */; };
		0275B7E020C3D1B3000BEC7F /* Process.swift in Sources */ = {isa = PBXBuildFile; fileRef = 0275B7D920C3D1B2000BEC7F /* Process.swift */; };
		0275B7E220C3D1B3000BEC7F /* Files.swift in Sources */ = {isa = PBXBuildFile; fileRef = 0275B7DB20C3D1B2000BEC7F /* Files.swift */; };
		0275B7E320C3D1B3000BEC7F /* Bash.swift in Sources */ = {isa = PBXBuildFile; fileRef = 0275B7DC20C3D1B2000BEC7F /* Bash.swift */; };
		0275B7E420C3D1B3000BEC7F /* Command.swift in Sources */ = {isa = PBXBuildFile; fileRef = 0275B7DD20C3D1B3000BEC7F /* Command.swift */; };
		0275B7E820C3D1D2000BEC7F /* Array.swift in Sources */ = {isa = PBXBuildFile; fileRef = 0275B7E720C3D1D1000BEC7F /* Array.swift */; };
		0275B7EB20C3D1DA000BEC7F /* Lazy-split.swift in Sources */ = {isa = PBXBuildFile; fileRef = 0275B7E920C3D1DA000BEC7F /* Lazy-split.swift */; };
		0275B7EC20C3D1DA000BEC7F /* Stream.swift in Sources */ = {isa = PBXBuildFile; fileRef = 0275B7EA20C3D1DA000BEC7F /* Stream.swift */; };
		0275B7F220C3D51F000BEC7F /* Context.swift in Sources */ = {isa = PBXBuildFile; fileRef = 0275B7F120C3D51E000BEC7F /* Context.swift */; };
		0275B7F420C3DBF9000BEC7F /* Stopwatch.swift in Sources */ = {isa = PBXBuildFile; fileRef = 0275B7F320C3DBF9000BEC7F /* Stopwatch.swift */; };
		02AF908820C36F05002CE6C9 /* System.swift in Sources */ = {isa = PBXBuildFile; fileRef = 02AF908720C36F05002CE6C9 /* System.swift */; };
		02AF908A20C36F9E002CE6C9 /* Process2.swift in Sources */ = {isa = PBXBuildFile; fileRef = 02AF908920C36F9E002CE6C9 /* Process2.swift */; };
		02E9CE2820C4DE1A00879EB1 /* CPUUsageViewController.swift in Sources */ = {isa = PBXBuildFile; fileRef = 02E9CE2720C4DE1A00879EB1 /* CPUUsageViewController.swift */; };
		02EBE18C20C337170064A55C /* cpu_mem_util in CopyFiles */ = {isa = PBXBuildFile; fileRef = 025AC39E20C0CD77000E0837 /* cpu_mem_util */; settings = {ATTRIBUTES = (CodeSignOnCopy, ); }; };
/* End PBXBuildFile section */

/* Begin PBXCopyFilesBuildPhase section */
		02EBE18B20C3370B0064A55C /* CopyFiles */ = {
			isa = PBXCopyFilesBuildPhase;
			buildActionMask = 2147483647;
			dstPath = "";
			dstSubfolderSpec = 6;
			files = (
				02EBE18C20C337170064A55C /* cpu_mem_util in CopyFiles */,
			);
			runOnlyForDeploymentPostprocessing = 0;
		};
/* End PBXCopyFilesBuildPhase section */

/* Begin PBXFileReference section */
		025AC38720C0AFDD000E0837 /* iGlance.app */ = {isa = PBXFileReference; explicitFileType = wrapper.application; includeInIndex = 0; path = iGlance.app; sourceTree = BUILT_PRODUCTS_DIR; };
		025AC38A20C0AFDD000E0837 /* AppDelegate.swift */ = {isa = PBXFileReference; lastKnownFileType = sourcecode.swift; path = AppDelegate.swift; sourceTree = "<group>"; };
		025AC38C20C0AFDD000E0837 /* ViewController.swift */ = {isa = PBXFileReference; lastKnownFileType = sourcecode.swift; path = ViewController.swift; sourceTree = "<group>"; };
		025AC38E20C0AFE0000E0837 /* Assets.xcassets */ = {isa = PBXFileReference; lastKnownFileType = folder.assetcatalog; path = Assets.xcassets; sourceTree = "<group>"; };
		025AC39120C0AFE0000E0837 /* Base */ = {isa = PBXFileReference; lastKnownFileType = file.storyboard; name = Base; path = Base.lproj/Main.storyboard; sourceTree = "<group>"; };
		025AC39320C0AFE0000E0837 /* Info.plist */ = {isa = PBXFileReference; lastKnownFileType = text.plist.xml; path = Info.plist; sourceTree = "<group>"; };
		025AC39420C0AFE0000E0837 /* iGlance.entitlements */ = {isa = PBXFileReference; lastKnownFileType = text.plist.entitlements; path = iGlance.entitlements; sourceTree = "<group>"; };
		025AC39A20C0B09C000E0837 /* BandwidthView.swift */ = {isa = PBXFileReference; lastKnownFileType = sourcecode.swift; path = BandwidthView.swift; sourceTree = "<group>"; };
		025AC39C20C0B120000E0837 /* CPUUsageView.swift */ = {isa = PBXFileReference; lastKnownFileType = sourcecode.swift; path = CPUUsageView.swift; sourceTree = "<group>"; };
		025AC39E20C0CD77000E0837 /* cpu_mem_util */ = {isa = PBXFileReference; lastKnownFileType = "compiled.mach-o.executable"; name = cpu_mem_util; path = ../../../../../Documents/iGlanceBackupDom/iGlance/iGlance/cpu_mem_util; sourceTree = "<group>"; };
		0275B7C920C3A1BF000BEC7F /* Battery.swift */ = {isa = PBXFileReference; fileEncoding = 4; lastKnownFileType = sourcecode.swift; name = Battery.swift; path = ../../../../../Downloads/Battery.swift; sourceTree = "<group>"; };
		0275B7CB20C3B015000BEC7F /* MemUsageView.swift */ = {isa = PBXFileReference; lastKnownFileType = sourcecode.swift; path = MemUsageView.swift; sourceTree = "<group>"; };
		0275B7CD20C3BE8C000BEC7F /* iGlance-Bridging-Header.h */ = {isa = PBXFileReference; lastKnownFileType = sourcecode.c.h; path = "iGlance-Bridging-Header.h"; sourceTree = "<group>"; };
		0275B7CE20C3BE8D000BEC7F /* smc.c */ = {isa = PBXFileReference; fileEncoding = 4; lastKnownFileType = sourcecode.c.c; name = smc.c; path = ../../../../../Documents/iGlanceBackupDom/iGlance/iGlance/smc.c; sourceTree = "<group>"; };
		0275B7D020C3BE9A000BEC7F /* smc.h */ = {isa = PBXFileReference; fileEncoding = 4; lastKnownFileType = sourcecode.c.h; name = smc.h; path = ../../../../../Documents/iGlanceBackupDom/iGlance/iGlance/smc.h; sourceTree = "<group>"; };
		0275B7D120C3BEAE000BEC7F /* SMCObjC.m */ = {isa = PBXFileReference; fileEncoding = 4; lastKnownFileType = sourcecode.c.objc; name = SMCObjC.m; path = ../../../../../Documents/iGlanceBackupDom/iGlance/iGlance/SMCObjC.m; sourceTree = "<group>"; };
		0275B7D320C3BEB6000BEC7F /* SMCObjC.h */ = {isa = PBXFileReference; fileEncoding = 4; lastKnownFileType = sourcecode.c.h; name = SMCObjC.h; path = ../../../../../Documents/iGlanceBackupDom/iGlance/iGlance/SMCObjC.h; sourceTree = "<group>"; };
		0275B7D420C3C211000BEC7F /* SMC.swift */ = {isa = PBXFileReference; fileEncoding = 4; lastKnownFileType = sourcecode.swift; name = SMC.swift; path = ../../../../../Downloads/SMC.swift; sourceTree = "<group>"; };
		0275B7D620C3C24A000BEC7F /* SMCKit.h */ = {isa = PBXFileReference; fileEncoding = 4; lastKnownFileType = sourcecode.c.h; name = SMCKit.h; path = ../../../../../Downloads/SMCKit.h; sourceTree = "<group>"; };
		0275B7D720C3D1B2000BEC7F /* String.swift */ = {isa = PBXFileReference; fileEncoding = 4; lastKnownFileType = sourcecode.swift; name = String.swift; path = "../../../../../Downloads/SwiftShell-master/Sources/SwiftShell/String.swift"; sourceTree = "<group>"; };
		0275B7D820C3D1B2000BEC7F /* FileHandle.swift */ = {isa = PBXFileReference; fileEncoding = 4; lastKnownFileType = sourcecode.swift; name = FileHandle.swift; path = "../../../../../Downloads/SwiftShell-master/Sources/SwiftShell/FileHandle.swift"; sourceTree = "<group>"; };
		0275B7D920C3D1B2000BEC7F /* Process.swift */ = {isa = PBXFileReference; fileEncoding = 4; lastKnownFileType = sourcecode.swift; name = Process.swift; path = "../../../../../Downloads/SwiftShell-master/Sources/SwiftShell/Process.swift"; sourceTree = "<group>"; };
		0275B7DB20C3D1B2000BEC7F /* Files.swift */ = {isa = PBXFileReference; fileEncoding = 4; lastKnownFileType = sourcecode.swift; name = Files.swift; path = "../../../../../Downloads/SwiftShell-master/Sources/SwiftShell/Files.swift"; sourceTree = "<group>"; };
		0275B7DC20C3D1B2000BEC7F /* Bash.swift */ = {isa = PBXFileReference; fileEncoding = 4; lastKnownFileType = sourcecode.swift; name = Bash.swift; path = "../../../../../Downloads/SwiftShell-master/Sources/SwiftShell/Bash.swift"; sourceTree = "<group>"; };
		0275B7DD20C3D1B3000BEC7F /* Command.swift */ = {isa = PBXFileReference; fileEncoding = 4; lastKnownFileType = sourcecode.swift; name = Command.swift; path = "../../../../../Downloads/SwiftShell-master/Sources/SwiftShell/Command.swift"; sourceTree = "<group>"; };
		0275B7E720C3D1D1000BEC7F /* Array.swift */ = {isa = PBXFileReference; fileEncoding = 4; lastKnownFileType = sourcecode.swift; name = Array.swift; path = "../../../../../../Downloads/SwiftShell-master/Sources/SwiftShell/General/Array.swift"; sourceTree = "<group>"; };
		0275B7E920C3D1DA000BEC7F /* Lazy-split.swift */ = {isa = PBXFileReference; fileEncoding = 4; lastKnownFileType = sourcecode.swift; name = "Lazy-split.swift"; path = "../../../../../../Downloads/SwiftShell-master/Sources/SwiftShell/Stream/Lazy-split.swift"; sourceTree = "<group>"; };
		0275B7EA20C3D1DA000BEC7F /* Stream.swift */ = {isa = PBXFileReference; fileEncoding = 4; lastKnownFileType = sourcecode.swift; name = Stream.swift; path = "../../../../../../Downloads/SwiftShell-master/Sources/SwiftShell/Stream/Stream.swift"; sourceTree = "<group>"; };
		0275B7F120C3D51E000BEC7F /* Context.swift */ = {isa = PBXFileReference; fileEncoding = 4; lastKnownFileType = sourcecode.swift; name = Context.swift; path = "../../../../../Downloads/SwiftShell-master/Sources/SwiftShell/Context.swift"; sourceTree = "<group>"; };
		0275B7F320C3DBF9000BEC7F /* Stopwatch.swift */ = {isa = PBXFileReference; lastKnownFileType = sourcecode.swift; path = Stopwatch.swift; sourceTree = "<group>"; };
		02AF908720C36F05002CE6C9 /* System.swift */ = {isa = PBXFileReference; fileEncoding = 4; lastKnownFileType = sourcecode.swift; name = System.swift; path = ../../../../../Downloads/System.swift; sourceTree = "<group>"; };
		02AF908920C36F9E002CE6C9 /* Process2.swift */ = {isa = PBXFileReference; fileEncoding = 4; lastKnownFileType = sourcecode.swift; name = Process2.swift; path = ../../../../../Downloads/Process2.swift; sourceTree = "<group>"; };
		02E9CE2720C4DE1A00879EB1 /* CPUUsageViewController.swift */ = {isa = PBXFileReference; lastKnownFileType = sourcecode.swift; path = CPUUsageViewController.swift; sourceTree = "<group>"; };
/* End PBXFileReference section */

/* Begin PBXFrameworksBuildPhase section */
		025AC38420C0AFDD000E0837 /* Frameworks */ = {
			isa = PBXFrameworksBuildPhase;
			buildActionMask = 2147483647;
			files = (
			);
			runOnlyForDeploymentPostprocessing = 0;
		};
/* End PBXFrameworksBuildPhase section */

/* Begin PBXGroup section */
		025AC37E20C0AFDD000E0837 = {
			isa = PBXGroup;
			children = (
				025AC38920C0AFDD000E0837 /* iGlance */,
				025AC38820C0AFDD000E0837 /* Products */,
			);
			sourceTree = "<group>";
		};
		025AC38820C0AFDD000E0837 /* Products */ = {
			isa = PBXGroup;
			children = (
				025AC38720C0AFDD000E0837 /* iGlance.app */,
			);
			name = Products;
			sourceTree = "<group>";
		};
		025AC38920C0AFDD000E0837 /* iGlance */ = {
			isa = PBXGroup;
			children = (
				0275B7E620C3D1C6000BEC7F /* Stream */,
				0275B7E520C3D1BD000BEC7F /* General */,
				025AC39E20C0CD77000E0837 /* cpu_mem_util */,
				025AC38A20C0AFDD000E0837 /* AppDelegate.swift */,
				025AC38C20C0AFDD000E0837 /* ViewController.swift */,
				0275B7DB20C3D1B2000BEC7F /* Files.swift */,
				0275B7F320C3DBF9000BEC7F /* Stopwatch.swift */,
				02AF908920C36F9E002CE6C9 /* Process2.swift */,
				0275B7CE20C3BE8D000BEC7F /* smc.c */,
				0275B7F120C3D51E000BEC7F /* Context.swift */,
				0275B7DC20C3D1B2000BEC7F /* Bash.swift */,
				0275B7DD20C3D1B3000BEC7F /* Command.swift */,
				0275B7D820C3D1B2000BEC7F /* FileHandle.swift */,
				0275B7D920C3D1B2000BEC7F /* Process.swift */,
				0275B7D720C3D1B2000BEC7F /* String.swift */,
				0275B7C920C3A1BF000BEC7F /* Battery.swift */,
				025AC38E20C0AFE0000E0837 /* Assets.xcassets */,
				0275B7D420C3C211000BEC7F /* SMC.swift */,
				0275B7D620C3C24A000BEC7F /* SMCKit.h */,
				0275B7D020C3BE9A000BEC7F /* smc.h */,
				02AF908720C36F05002CE6C9 /* System.swift */,
				0275B7D120C3BEAE000BEC7F /* SMCObjC.m */,
				025AC39020C0AFE0000E0837 /* Main.storyboard */,
				0275B7D320C3BEB6000BEC7F /* SMCObjC.h */,
				025AC39320C0AFE0000E0837 /* Info.plist */,
				025AC39420C0AFE0000E0837 /* iGlance.entitlements */,
				025AC39C20C0B120000E0837 /* CPUUsageView.swift */,
				025AC39A20C0B09C000E0837 /* BandwidthView.swift */,
				0275B7CB20C3B015000BEC7F /* MemUsageView.swift */,
				0275B7CD20C3BE8C000BEC7F /* iGlance-Bridging-Header.h */,
				02E9CE2720C4DE1A00879EB1 /* CPUUsageViewController.swift */,
			);
			path = iGlance;
			sourceTree = "<group>";
		};
		0275B7E520C3D1BD000BEC7F /* General */ = {
			isa = PBXGroup;
			children = (
				0275B7E720C3D1D1000BEC7F /* Array.swift */,
			);
			path = General;
			sourceTree = "<group>";
		};
		0275B7E620C3D1C6000BEC7F /* Stream */ = {
			isa = PBXGroup;
			children = (
				0275B7E920C3D1DA000BEC7F /* Lazy-split.swift */,
				0275B7EA20C3D1DA000BEC7F /* Stream.swift */,
			);
			path = Stream;
			sourceTree = "<group>";
		};
/* End PBXGroup section */

/* Begin PBXNativeTarget section */
		025AC38620C0AFDD000E0837 /* iGlance */ = {
			isa = PBXNativeTarget;
			buildConfigurationList = 025AC39720C0AFE0000E0837 /* Build configuration list for PBXNativeTarget "iGlance" */;
			buildPhases = (
				025AC38320C0AFDD000E0837 /* Sources */,
				025AC38420C0AFDD000E0837 /* Frameworks */,
				025AC38520C0AFDD000E0837 /* Resources */,
				02EBE18B20C3370B0064A55C /* CopyFiles */,
			);
			buildRules = (
			);
			dependencies = (
			);
			name = iGlance;
			productName = iGlance;
			productReference = 025AC38720C0AFDD000E0837 /* iGlance.app */;
			productType = "com.apple.product-type.application";
		};
/* End PBXNativeTarget section */

/* Begin PBXProject section */
		025AC37F20C0AFDD000E0837 /* Project object */ = {
			isa = PBXProject;
			attributes = {
				LastSwiftUpdateCheck = 0940;
				LastUpgradeCheck = 0940;
				ORGANIZATIONNAME = "iGlance Corp";
				TargetAttributes = {
					025AC38620C0AFDD000E0837 = {
						CreatedOnToolsVersion = 9.4;
						LastSwiftMigration = 0940;
						SystemCapabilities = {
							com.apple.Sandbox = {
								enabled = 0;
							};
						};
					};
				};
			};
			buildConfigurationList = 025AC38220C0AFDD000E0837 /* Build configuration list for PBXProject "iGlance" */;
			compatibilityVersion = "Xcode 9.3";
			developmentRegion = en;
			hasScannedForEncodings = 0;
			knownRegions = (
				en,
				Base,
			);
			mainGroup = 025AC37E20C0AFDD000E0837;
			productRefGroup = 025AC38820C0AFDD000E0837 /* Products */;
			projectDirPath = "";
			projectRoot = "";
			targets = (
				025AC38620C0AFDD000E0837 /* iGlance */,
			);
		};
/* End PBXProject section */

/* Begin PBXResourcesBuildPhase section */
		025AC38520C0AFDD000E0837 /* Resources */ = {
			isa = PBXResourcesBuildPhase;
			buildActionMask = 2147483647;
			files = (
				025AC39F20C0CD77000E0837 /* cpu_mem_util in Resources */,
				025AC38F20C0AFE0000E0837 /* Assets.xcassets in Resources */,
				025AC39220C0AFE0000E0837 /* Main.storyboard in Resources */,
			);
			runOnlyForDeploymentPostprocessing = 0;
		};
/* End PBXResourcesBuildPhase section */

/* Begin PBXSourcesBuildPhase section */
		025AC38320C0AFDD000E0837 /* Sources */ = {
			isa = PBXSourcesBuildPhase;
			buildActionMask = 2147483647;
			files = (
				0275B7CA20C3A1BF000BEC7F /* Battery.swift in Sources */,
				02AF908820C36F05002CE6C9 /* System.swift in Sources */,
				0275B7DF20C3D1B3000BEC7F /* FileHandle.swift in Sources */,
				0275B7F220C3D51F000BEC7F /* Context.swift in Sources */,
				025AC38D20C0AFDD000E0837 /* ViewController.swift in Sources */,
				0275B7E420C3D1B3000BEC7F /* Command.swift in Sources */,
				0275B7CF20C3BE8D000BEC7F /* smc.c in Sources */,
				025AC39D20C0B120000E0837 /* CPUUsageView.swift in Sources */,
				0275B7E320C3D1B3000BEC7F /* Bash.swift in Sources */,
				0275B7E820C3D1D2000BEC7F /* Array.swift in Sources */,
				0275B7D220C3BEAE000BEC7F /* SMCObjC.m in Sources */,
				0275B7DE20C3D1B3000BEC7F /* String.swift in Sources */,
				0275B7EB20C3D1DA000BEC7F /* Lazy-split.swift in Sources */,
				0275B7EC20C3D1DA000BEC7F /* Stream.swift in Sources */,
				0275B7E220C3D1B3000BEC7F /* Files.swift in Sources */,
				0275B7F420C3DBF9000BEC7F /* Stopwatch.swift in Sources */,
				02E9CE2820C4DE1A00879EB1 /* CPUUsageViewController.swift in Sources */,
				0275B7CC20C3B015000BEC7F /* MemUsageView.swift in Sources */,
				0275B7D520C3C211000BEC7F /* SMC.swift in Sources */,
				025AC38B20C0AFDD000E0837 /* AppDelegate.swift in Sources */,
				025AC39B20C0B09C000E0837 /* BandwidthView.swift in Sources */,
				02AF908A20C36F9E002CE6C9 /* Process2.swift in Sources */,
				0275B7E020C3D1B3000BEC7F /* Process.swift in Sources */,
			);
			runOnlyForDeploymentPostprocessing = 0;
		};
/* End PBXSourcesBuildPhase section */

/* Begin PBXVariantGroup section */
		025AC39020C0AFE0000E0837 /* Main.storyboard */ = {
			isa = PBXVariantGroup;
			children = (
				025AC39120C0AFE0000E0837 /* Base */,
			);
			name = Main.storyboard;
			sourceTree = "<group>";
		};
/* End PBXVariantGroup section */

/* Begin XCBuildConfiguration section */
		025AC39520C0AFE0000E0837 /* Debug */ = {
			isa = XCBuildConfiguration;
			buildSettings = {
				ALWAYS_SEARCH_USER_PATHS = NO;
				CLANG_ANALYZER_NONNULL = YES;
				CLANG_ANALYZER_NUMBER_OBJECT_CONVERSION = YES_AGGRESSIVE;
				CLANG_CXX_LANGUAGE_STANDARD = "gnu++14";
				CLANG_CXX_LIBRARY = "libc++";
				CLANG_ENABLE_MODULES = YES;
				CLANG_ENABLE_OBJC_ARC = YES;
				CLANG_ENABLE_OBJC_WEAK = YES;
				CLANG_WARN_BLOCK_CAPTURE_AUTORELEASING = YES;
				CLANG_WARN_BOOL_CONVERSION = YES;
				CLANG_WARN_COMMA = YES;
				CLANG_WARN_CONSTANT_CONVERSION = YES;
				CLANG_WARN_DEPRECATED_OBJC_IMPLEMENTATIONS = YES;
				CLANG_WARN_DIRECT_OBJC_ISA_USAGE = YES_ERROR;
				CLANG_WARN_DOCUMENTATION_COMMENTS = YES;
				CLANG_WARN_EMPTY_BODY = YES;
				CLANG_WARN_ENUM_CONVERSION = YES;
				CLANG_WARN_INFINITE_RECURSION = YES;
				CLANG_WARN_INT_CONVERSION = YES;
				CLANG_WARN_NON_LITERAL_NULL_CONVERSION = YES;
				CLANG_WARN_OBJC_IMPLICIT_RETAIN_SELF = YES;
				CLANG_WARN_OBJC_LITERAL_CONVERSION = YES;
				CLANG_WARN_OBJC_ROOT_CLASS = YES_ERROR;
				CLANG_WARN_RANGE_LOOP_ANALYSIS = YES;
				CLANG_WARN_STRICT_PROTOTYPES = YES;
				CLANG_WARN_SUSPICIOUS_MOVE = YES;
				CLANG_WARN_UNGUARDED_AVAILABILITY = YES_AGGRESSIVE;
				CLANG_WARN_UNREACHABLE_CODE = YES;
				CLANG_WARN__DUPLICATE_METHOD_MATCH = YES;
				CODE_SIGN_IDENTITY = "-";
				COPY_PHASE_STRIP = NO;
				DEBUG_INFORMATION_FORMAT = dwarf;
				ENABLE_STRICT_OBJC_MSGSEND = YES;
				ENABLE_TESTABILITY = YES;
				GCC_C_LANGUAGE_STANDARD = gnu11;
				GCC_DYNAMIC_NO_PIC = NO;
				GCC_NO_COMMON_BLOCKS = YES;
				GCC_OPTIMIZATION_LEVEL = 0;
				GCC_PREPROCESSOR_DEFINITIONS = (
					"DEBUG=1",
					"$(inherited)",
				);
				GCC_WARN_64_TO_32_BIT_CONVERSION = YES;
				GCC_WARN_ABOUT_RETURN_TYPE = YES_ERROR;
				GCC_WARN_UNDECLARED_SELECTOR = YES;
				GCC_WARN_UNINITIALIZED_AUTOS = YES_AGGRESSIVE;
				GCC_WARN_UNUSED_FUNCTION = YES;
				GCC_WARN_UNUSED_VARIABLE = YES;
				MACOSX_DEPLOYMENT_TARGET = 10.13;
				MTL_ENABLE_DEBUG_INFO = YES;
				ONLY_ACTIVE_ARCH = YES;
				SDKROOT = macosx;
				SWIFT_ACTIVE_COMPILATION_CONDITIONS = DEBUG;
				SWIFT_OPTIMIZATION_LEVEL = "-Onone";
			};
			name = Debug;
		};
		025AC39620C0AFE0000E0837 /* Release */ = {
			isa = XCBuildConfiguration;
			buildSettings = {
				ALWAYS_SEARCH_USER_PATHS = NO;
				CLANG_ANALYZER_NONNULL = YES;
				CLANG_ANALYZER_NUMBER_OBJECT_CONVERSION = YES_AGGRESSIVE;
				CLANG_CXX_LANGUAGE_STANDARD = "gnu++14";
				CLANG_CXX_LIBRARY = "libc++";
				CLANG_ENABLE_MODULES = YES;
				CLANG_ENABLE_OBJC_ARC = YES;
				CLANG_ENABLE_OBJC_WEAK = YES;
				CLANG_WARN_BLOCK_CAPTURE_AUTORELEASING = YES;
				CLANG_WARN_BOOL_CONVERSION = YES;
				CLANG_WARN_COMMA = YES;
				CLANG_WARN_CONSTANT_CONVERSION = YES;
				CLANG_WARN_DEPRECATED_OBJC_IMPLEMENTATIONS = YES;
				CLANG_WARN_DIRECT_OBJC_ISA_USAGE = YES_ERROR;
				CLANG_WARN_DOCUMENTATION_COMMENTS = YES;
				CLANG_WARN_EMPTY_BODY = YES;
				CLANG_WARN_ENUM_CONVERSION = YES;
				CLANG_WARN_INFINITE_RECURSION = YES;
				CLANG_WARN_INT_CONVERSION = YES;
				CLANG_WARN_NON_LITERAL_NULL_CONVERSION = YES;
				CLANG_WARN_OBJC_IMPLICIT_RETAIN_SELF = YES;
				CLANG_WARN_OBJC_LITERAL_CONVERSION = YES;
				CLANG_WARN_OBJC_ROOT_CLASS = YES_ERROR;
				CLANG_WARN_RANGE_LOOP_ANALYSIS = YES;
				CLANG_WARN_STRICT_PROTOTYPES = YES;
				CLANG_WARN_SUSPICIOUS_MOVE = YES;
				CLANG_WARN_UNGUARDED_AVAILABILITY = YES_AGGRESSIVE;
				CLANG_WARN_UNREACHABLE_CODE = YES;
				CLANG_WARN__DUPLICATE_METHOD_MATCH = YES;
				CODE_SIGN_IDENTITY = "-";
				COPY_PHASE_STRIP = NO;
				DEBUG_INFORMATION_FORMAT = "dwarf-with-dsym";
				ENABLE_NS_ASSERTIONS = NO;
				ENABLE_STRICT_OBJC_MSGSEND = YES;
				GCC_C_LANGUAGE_STANDARD = gnu11;
				GCC_NO_COMMON_BLOCKS = YES;
				GCC_WARN_64_TO_32_BIT_CONVERSION = YES;
				GCC_WARN_ABOUT_RETURN_TYPE = YES_ERROR;
				GCC_WARN_UNDECLARED_SELECTOR = YES;
				GCC_WARN_UNINITIALIZED_AUTOS = YES_AGGRESSIVE;
				GCC_WARN_UNUSED_FUNCTION = YES;
				GCC_WARN_UNUSED_VARIABLE = YES;
				MACOSX_DEPLOYMENT_TARGET = 10.13;
				MTL_ENABLE_DEBUG_INFO = NO;
				SDKROOT = macosx;
				SWIFT_COMPILATION_MODE = wholemodule;
				SWIFT_OPTIMIZATION_LEVEL = "-O";
			};
			name = Release;
		};
		025AC39820C0AFE0000E0837 /* Debug */ = {
			isa = XCBuildConfiguration;
			buildSettings = {
				ASSETCATALOG_COMPILER_APPICON_NAME = AppIcon;
				CLANG_ENABLE_MODULES = YES;
				CODE_SIGN_STYLE = Automatic;
				COMBINE_HIDPI_IMAGES = YES;
				INFOPLIST_FILE = iGlance/Info.plist;
				LD_RUNPATH_SEARCH_PATHS = (
					"$(inherited)",
					"@executable_path/../Frameworks",
				);
				PRODUCT_BUNDLE_IDENTIFIER = noorganization.iGlance;
				PRODUCT_NAME = "$(TARGET_NAME)";
				SWIFT_OBJC_BRIDGING_HEADER = "iGlance/iGlance-Bridging-Header.h";
				SWIFT_OPTIMIZATION_LEVEL = "-Onone";
				SWIFT_VERSION = 4.0;
			};
			name = Debug;
		};
		025AC39920C0AFE0000E0837 /* Release */ = {
			isa = XCBuildConfiguration;
			buildSettings = {
				ASSETCATALOG_COMPILER_APPICON_NAME = AppIcon;
				CLANG_ENABLE_MODULES = YES;
				CODE_SIGN_STYLE = Automatic;
				COMBINE_HIDPI_IMAGES = YES;
				INFOPLIST_FILE = iGlance/Info.plist;
				LD_RUNPATH_SEARCH_PATHS = (
					"$(inherited)",
					"@executable_path/../Frameworks",
				);
				PRODUCT_BUNDLE_IDENTIFIER = noorganization.iGlance;
				PRODUCT_NAME = "$(TARGET_NAME)";
				SWIFT_OBJC_BRIDGING_HEADER = "iGlance/iGlance-Bridging-Header.h";
				SWIFT_VERSION = 4.0;
			};
			name = Release;
		};
/* End XCBuildConfiguration section */

/* Begin XCConfigurationList section */
		025AC38220C0AFDD000E0837 /* Build configuration list for PBXProject "iGlance" */ = {
			isa = XCConfigurationList;
			buildConfigurations = (
				025AC39520C0AFE0000E0837 /* Debug */,
				025AC39620C0AFE0000E0837 /* Release */,
			);
			defaultConfigurationIsVisible = 0;
			defaultConfigurationName = Release;
		};
		025AC39720C0AFE0000E0837 /* Build configuration list for PBXNativeTarget "iGlance" */ = {
			isa = XCConfigurationList;
			buildConfigurations = (
				025AC39820C0AFE0000E0837 /* Debug */,
				025AC39920C0AFE0000E0837 /* Release */,
			);
			defaultConfigurationIsVisible = 0;
			defaultConfigurationName = Release;
		};
/* End XCConfigurationList section */
	};
	rootObject = 025AC37F20C0AFDD000E0837 /* Project object */;
}
