// !$*UTF8*$!
{
	archiveVersion = 1;
	classes = {
	};
	objectVersion = 50;
	objects = {

/* Begin PBXBuildFile section */
		025AC38B20C0AFDD000E0837 /* AppDelegate.swift in Sources */ = {isa = PBXBuildFile; fileRef = 025AC38A20C0AFDD000E0837 /* AppDelegate.swift */; };
		025AC38D20C0AFDD000E0837 /* ViewController.swift in Sources */ = {isa = PBXBuildFile; fileRef = 025AC38C20C0AFDD000E0837 /* ViewController.swift */; };
		025AC38F20C0AFE0000E0837 /* Assets.xcassets in Resources */ = {isa = PBXBuildFile; fileRef = 025AC38E20C0AFE0000E0837 /* Assets.xcassets */; };
		025AC39220C0AFE0000E0837 /* Main.storyboard in Resources */ = {isa = PBXBuildFile; fileRef = 025AC39020C0AFE0000E0837 /* Main.storyboard */; };
		025AC39B20C0B09C000E0837 /* BandwidthView.swift in Sources */ = {isa = PBXBuildFile; fileRef = 025AC39A20C0B09C000E0837 /* BandwidthView.swift */; };
		025AC39D20C0B120000E0837 /* CPUUsageView.swift in Sources */ = {isa = PBXBuildFile; fileRef = 025AC39C20C0B120000E0837 /* CPUUsageView.swift */; };
		025AC39F20C0CD77000E0837 /* cpu_mem_util in Resources */ = {isa = PBXBuildFile; fileRef = 025AC39E20C0CD77000E0837 /* cpu_mem_util */; };
		02EBE18C20C337170064A55C /* cpu_mem_util in CopyFiles */ = {isa = PBXBuildFile; fileRef = 025AC39E20C0CD77000E0837 /* cpu_mem_util */; settings = {ATTRIBUTES = (CodeSignOnCopy, ); }; };
/* End PBXBuildFile section */

/* Begin PBXCopyFilesBuildPhase section */
		02EBE18B20C3370B0064A55C /* CopyFiles */ = {
			isa = PBXCopyFilesBuildPhase;
			buildActionMask = 2147483647;
			dstPath = "";
			dstSubfolderSpec = 6;
			files = (
				02EBE18C20C337170064A55C /* cpu_mem_util in CopyFiles */,
			);
			runOnlyForDeploymentPostprocessing = 0;
		};
/* End PBXCopyFilesBuildPhase section */

/* Begin PBXFileReference section */
		025AC38720C0AFDD000E0837 /* iGlance.app */ = {isa = PBXFileReference; explicitFileType = wrapper.application; includeInIndex = 0; path = iGlance.app; sourceTree = BUILT_PRODUCTS_DIR; };
		025AC38A20C0AFDD000E0837 /* AppDelegate.swift */ = {isa = PBXFileReference; lastKnownFileType = sourcecode.swift; path = AppDelegate.swift; sourceTree = "<group>"; };
		025AC38C20C0AFDD000E0837 /* ViewController.swift */ = {isa = PBXFileReference; lastKnownFileType = sourcecode.swift; path = ViewController.swift; sourceTree = "<group>"; };
		025AC38E20C0AFE0000E0837 /* Assets.xcassets */ = {isa = PBXFileReference; lastKnownFileType = folder.assetcatalog; path = Assets.xcassets; sourceTree = "<group>"; };
		025AC39120C0AFE0000E0837 /* Base */ = {isa = PBXFileReference; lastKnownFileType = file.storyboard; name = Base; path = Base.lproj/Main.storyboard; sourceTree = "<group>"; };
		025AC39320C0AFE0000E0837 /* Info.plist */ = {isa = PBXFileReference; lastKnownFileType = text.plist.xml; path = Info.plist; sourceTree = "<group>"; };
		025AC39420C0AFE0000E0837 /* iGlance.entitlements */ = {isa = PBXFileReference; lastKnownFileType = text.plist.entitlements; path = iGlance.entitlements; sourceTree = "<group>"; };
		025AC39A20C0B09C000E0837 /* BandwidthView.swift */ = {isa = PBXFileReference; lastKnownFileType = sourcecode.swift; path = BandwidthView.swift; sourceTree = "<group>"; };
		025AC39C20C0B120000E0837 /* CPUUsageView.swift */ = {isa = PBXFileReference; lastKnownFileType = sourcecode.swift; path = CPUUsageView.swift; sourceTree = "<group>"; };
		025AC39E20C0CD77000E0837 /* cpu_mem_util */ = {isa = PBXFileReference; lastKnownFileType = "compiled.mach-o.executable"; name = cpu_mem_util; path = ../../../../../Documents/iGlanceBackupDom/iGlance/iGlance/cpu_mem_util; sourceTree = "<group>"; };
/* End PBXFileReference section */

/* Begin PBXFrameworksBuildPhase section */
		025AC38420C0AFDD000E0837 /* Frameworks */ = {
			isa = PBXFrameworksBuildPhase;
			buildActionMask = 2147483647;
			files = (
			);
			runOnlyForDeploymentPostprocessing = 0;
		};
/* End PBXFrameworksBuildPhase section */

/* Begin PBXGroup section */
		025AC37E20C0AFDD000E0837 = {
			isa = PBXGroup;
			children = (
				025AC38920C0AFDD000E0837 /* iGlance */,
				025AC38820C0AFDD000E0837 /* Products */,
			);
			sourceTree = "<group>";
		};
		025AC38820C0AFDD000E0837 /* Products */ = {
			isa = PBXGroup;
			children = (
				025AC38720C0AFDD000E0837 /* iGlance.app */,
			);
			name = Products;
			sourceTree = "<group>";
		};
		025AC38920C0AFDD000E0837 /* iGlance */ = {
			isa = PBXGroup;
			children = (
				025AC39E20C0CD77000E0837 /* cpu_mem_util */,
				025AC39A20C0B09C000E0837 /* BandwidthView.swift */,
				025AC38A20C0AFDD000E0837 /* AppDelegate.swift */,
				025AC38C20C0AFDD000E0837 /* ViewController.swift */,
				025AC38E20C0AFE0000E0837 /* Assets.xcassets */,
				025AC39020C0AFE0000E0837 /* Main.storyboard */,
				025AC39320C0AFE0000E0837 /* Info.plist */,
				025AC39420C0AFE0000E0837 /* iGlance.entitlements */,
				025AC39C20C0B120000E0837 /* CPUUsageView.swift */,
			);
			path = iGlance;
			sourceTree = "<group>";
		};
/* End PBXGroup section */

/* Begin PBXNativeTarget section */
		025AC38620C0AFDD000E0837 /* iGlance */ = {
			isa = PBXNativeTarget;
			buildConfigurationList = 025AC39720C0AFE0000E0837 /* Build configuration list for PBXNativeTarget "iGlance" */;
			buildPhases = (
				025AC38320C0AFDD000E0837 /* Sources */,
				025AC38420C0AFDD000E0837 /* Frameworks */,
				025AC38520C0AFDD000E0837 /* Resources */,
				02EBE18B20C3370B0064A55C /* CopyFiles */,
			);
			buildRules = (
			);
			dependencies = (
			);
			name = iGlance;
			productName = iGlance;
			productReference = 025AC38720C0AFDD000E0837 /* iGlance.app */;
			productType = "com.apple.product-type.application";
		};
/* End PBXNativeTarget section */

/* Begin PBXProject section */
		025AC37F20C0AFDD000E0837 /* Project object */ = {
			isa = PBXProject;
			attributes = {
				LastSwiftUpdateCheck = 0940;
				LastUpgradeCheck = 0940;
				ORGANIZATIONNAME = "iGlance Corp";
				TargetAttributes = {
					025AC38620C0AFDD000E0837 = {
						CreatedOnToolsVersion = 9.4;
					};
				};
			};
			buildConfigurationList = 025AC38220C0AFDD000E0837 /* Build configuration list for PBXProject "iGlance" */;
			compatibilityVersion = "Xcode 9.3";
			developmentRegion = en;
			hasScannedForEncodings = 0;
			knownRegions = (
				en,
				Base,
			);
			mainGroup = 025AC37E20C0AFDD000E0837;
			productRefGroup = 025AC38820C0AFDD000E0837 /* Products */;
			projectDirPath = "";
			projectRoot = "";
			targets = (
				025AC38620C0AFDD000E0837 /* iGlance */,
			);
		};
/* End PBXProject section */

/* Begin PBXResourcesBuildPhase section */
		025AC38520C0AFDD000E0837 /* Resources */ = {
			isa = PBXResourcesBuildPhase;
			buildActionMask = 2147483647;
			files = (
				025AC39F20C0CD77000E0837 /* cpu_mem_util in Resources */,
				025AC38F20C0AFE0000E0837 /* Assets.xcassets in Resources */,
				025AC39220C0AFE0000E0837 /* Main.storyboard in Resources */,
			);
			runOnlyForDeploymentPostprocessing = 0;
		};
/* End PBXResourcesBuildPhase section */

/* Begin PBXSourcesBuildPhase section */
		025AC38320C0AFDD000E0837 /* Sources */ = {
			isa = PBXSourcesBuildPhase;
			buildActionMask = 2147483647;
			files = (
				025AC38D20C0AFDD000E0837 /* ViewController.swift in Sources */,
				025AC39D20C0B120000E0837 /* CPUUsageView.swift in Sources */,
				025AC38B20C0AFDD000E0837 /* AppDelegate.swift in Sources */,
				025AC39B20C0B09C000E0837 /* BandwidthView.swift in Sources */,
			);
			runOnlyForDeploymentPostprocessing = 0;
		};
/* End PBXSourcesBuildPhase section */

/* Begin PBXVariantGroup section */
		025AC39020C0AFE0000E0837 /* Main.storyboard */ = {
			isa = PBXVariantGroup;
			children = (
				025AC39120C0AFE0000E0837 /* Base */,
			);
			name = Main.storyboard;
			sourceTree = "<group>";
		};
/* End PBXVariantGroup section */

/* Begin XCBuildConfiguration section */
		025AC39520C0AFE0000E0837 /* Debug */ = {
			isa = XCBuildConfiguration;
			buildSettings = {
				ALWAYS_SEARCH_USER_PATHS = NO;
				CLANG_ANALYZER_NONNULL = YES;
				CLANG_ANALYZER_NUMBER_OBJECT_CONVERSION = YES_AGGRESSIVE;
				CLANG_CXX_LANGUAGE_STANDARD = "gnu++14";
				CLANG_CXX_LIBRARY = "libc++";
				CLANG_ENABLE_MODULES = YES;
				CLANG_ENABLE_OBJC_ARC = YES;
				CLANG_ENABLE_OBJC_WEAK = YES;
				CLANG_WARN_BLOCK_CAPTURE_AUTORELEASING = YES;
				CLANG_WARN_BOOL_CONVERSION = YES;
				CLANG_WARN_COMMA = YES;
				CLANG_WARN_CONSTANT_CONVERSION = YES;
				CLANG_WARN_DEPRECATED_OBJC_IMPLEMENTATIONS = YES;
				CLANG_WARN_DIRECT_OBJC_ISA_USAGE = YES_ERROR;
				CLANG_WARN_DOCUMENTATION_COMMENTS = YES;
				CLANG_WARN_EMPTY_BODY = YES;
				CLANG_WARN_ENUM_CONVERSION = YES;
				CLANG_WARN_INFINITE_RECURSION = YES;
				CLANG_WARN_INT_CONVERSION = YES;
				CLANG_WARN_NON_LITERAL_NULL_CONVERSION = YES;
				CLANG_WARN_OBJC_IMPLICIT_RETAIN_SELF = YES;
				CLANG_WARN_OBJC_LITERAL_CONVERSION = YES;
				CLANG_WARN_OBJC_ROOT_CLASS = YES_ERROR;
				CLANG_WARN_RANGE_LOOP_ANALYSIS = YES;
				CLANG_WARN_STRICT_PROTOTYPES = YES;
				CLANG_WARN_SUSPICIOUS_MOVE = YES;
				CLANG_WARN_UNGUARDED_AVAILABILITY = YES_AGGRESSIVE;
				CLANG_WARN_UNREACHABLE_CODE = YES;
				CLANG_WARN__DUPLICATE_METHOD_MATCH = YES;
				CODE_SIGN_IDENTITY = "-";
				COPY_PHASE_STRIP = NO;
				DEBUG_INFORMATION_FORMAT = dwarf;
				ENABLE_STRICT_OBJC_MSGSEND = YES;
				ENABLE_TESTABILITY = YES;
				GCC_C_LANGUAGE_STANDARD = gnu11;
				GCC_DYNAMIC_NO_PIC = NO;
				GCC_NO_COMMON_BLOCKS = YES;
				GCC_OPTIMIZATION_LEVEL = 0;
				GCC_PREPROCESSOR_DEFINITIONS = (
					"DEBUG=1",
					"$(inherited)",
				);
				GCC_WARN_64_TO_32_BIT_CONVERSION = YES;
				GCC_WARN_ABOUT_RETURN_TYPE = YES_ERROR;
				GCC_WARN_UNDECLARED_SELECTOR = YES;
				GCC_WARN_UNINITIALIZED_AUTOS = YES_AGGRESSIVE;
				GCC_WARN_UNUSED_FUNCTION = YES;
				GCC_WARN_UNUSED_VARIABLE = YES;
				MACOSX_DEPLOYMENT_TARGET = 10.13;
				MTL_ENABLE_DEBUG_INFO = YES;
				ONLY_ACTIVE_ARCH = YES;
				SDKROOT = macosx;
				SWIFT_ACTIVE_COMPILATION_CONDITIONS = DEBUG;
				SWIFT_OPTIMIZATION_LEVEL = "-Onone";
			};
			name = Debug;
		};
		025AC39620C0AFE0000E0837 /* Release */ = {
			isa = XCBuildConfiguration;
			buildSettings = {
				ALWAYS_SEARCH_USER_PATHS = NO;
				CLANG_ANALYZER_NONNULL = YES;
				CLANG_ANALYZER_NUMBER_OBJECT_CONVERSION = YES_AGGRESSIVE;
				CLANG_CXX_LANGUAGE_STANDARD = "gnu++14";
				CLANG_CXX_LIBRARY = "libc++";
				CLANG_ENABLE_MODULES = YES;
				CLANG_ENABLE_OBJC_ARC = YES;
				CLANG_ENABLE_OBJC_WEAK = YES;
				CLANG_WARN_BLOCK_CAPTURE_AUTORELEASING = YES;
				CLANG_WARN_BOOL_CONVERSION = YES;
				CLANG_WARN_COMMA = YES;
				CLANG_WARN_CONSTANT_CONVERSION = YES;
				CLANG_WARN_DEPRECATED_OBJC_IMPLEMENTATIONS = YES;
				CLANG_WARN_DIRECT_OBJC_ISA_USAGE = YES_ERROR;
				CLANG_WARN_DOCUMENTATION_COMMENTS = YES;
				CLANG_WARN_EMPTY_BODY = YES;
				CLANG_WARN_ENUM_CONVERSION = YES;
				CLANG_WARN_INFINITE_RECURSION = YES;
				CLANG_WARN_INT_CONVERSION = YES;
				CLANG_WARN_NON_LITERAL_NULL_CONVERSION = YES;
				CLANG_WARN_OBJC_IMPLICIT_RETAIN_SELF = YES;
				CLANG_WARN_OBJC_LITERAL_CONVERSION = YES;
				CLANG_WARN_OBJC_ROOT_CLASS = YES_ERROR;
				CLANG_WARN_RANGE_LOOP_ANALYSIS = YES;
				CLANG_WARN_STRICT_PROTOTYPES = YES;
				CLANG_WARN_SUSPICIOUS_MOVE = YES;
				CLANG_WARN_UNGUARDED_AVAILABILITY = YES_AGGRESSIVE;
				CLANG_WARN_UNREACHABLE_CODE = YES;
				CLANG_WARN__DUPLICATE_METHOD_MATCH = YES;
				CODE_SIGN_IDENTITY = "-";
				COPY_PHASE_STRIP = NO;
				DEBUG_INFORMATION_FORMAT = "dwarf-with-dsym";
				ENABLE_NS_ASSERTIONS = NO;
				ENABLE_STRICT_OBJC_MSGSEND = YES;
				GCC_C_LANGUAGE_STANDARD = gnu11;
				GCC_NO_COMMON_BLOCKS = YES;
				GCC_WARN_64_TO_32_BIT_CONVERSION = YES;
				GCC_WARN_ABOUT_RETURN_TYPE = YES_ERROR;
				GCC_WARN_UNDECLARED_SELECTOR = YES;
				GCC_WARN_UNINITIALIZED_AUTOS = YES_AGGRESSIVE;
				GCC_WARN_UNUSED_FUNCTION = YES;
				GCC_WARN_UNUSED_VARIABLE = YES;
				MACOSX_DEPLOYMENT_TARGET = 10.13;
				MTL_ENABLE_DEBUG_INFO = NO;
				SDKROOT = macosx;
				SWIFT_COMPILATION_MODE = wholemodule;
				SWIFT_OPTIMIZATION_LEVEL = "-O";
			};
			name = Release;
		};
		025AC39820C0AFE0000E0837 /* Debug */ = {
			isa = XCBuildConfiguration;
			buildSettings = {
				ASSETCATALOG_COMPILER_APPICON_NAME = AppIcon;
				CODE_SIGN_ENTITLEMENTS = iGlance/iGlance.entitlements;
				CODE_SIGN_STYLE = Automatic;
				COMBINE_HIDPI_IMAGES = YES;
				INFOPLIST_FILE = iGlance/Info.plist;
				LD_RUNPATH_SEARCH_PATHS = (
					"$(inherited)",
					"@executable_path/../Frameworks",
				);
				PRODUCT_BUNDLE_IDENTIFIER = noorganization.iGlance;
				PRODUCT_NAME = "$(TARGET_NAME)";
				SWIFT_VERSION = 4.0;
			};
			name = Debug;
		};
		025AC39920C0AFE0000E0837 /* Release */ = {
			isa = XCBuildConfiguration;
			buildSettings = {
				ASSETCATALOG_COMPILER_APPICON_NAME = AppIcon;
				CODE_SIGN_ENTITLEMENTS = iGlance/iGlance.entitlements;
				CODE_SIGN_STYLE = Automatic;
				COMBINE_HIDPI_IMAGES = YES;
				INFOPLIST_FILE = iGlance/Info.plist;
				LD_RUNPATH_SEARCH_PATHS = (
					"$(inherited)",
					"@executable_path/../Frameworks",
				);
				PRODUCT_BUNDLE_IDENTIFIER = noorganization.iGlance;
				PRODUCT_NAME = "$(TARGET_NAME)";
				SWIFT_VERSION = 4.0;
			};
			name = Release;
		};
/* End XCBuildConfiguration section */

/* Begin XCConfigurationList section */
		025AC38220C0AFDD000E0837 /* Build configuration list for PBXProject "iGlance" */ = {
			isa = XCConfigurationList;
			buildConfigurations = (
				025AC39520C0AFE0000E0837 /* Debug */,
				025AC39620C0AFE0000E0837 /* Release */,
			);
			defaultConfigurationIsVisible = 0;
			defaultConfigurationName = Release;
		};
		025AC39720C0AFE0000E0837 /* Build configuration list for PBXNativeTarget "iGlance" */ = {
			isa = XCConfigurationList;
			buildConfigurations = (
				025AC39820C0AFE0000E0837 /* Debug */,
				025AC39920C0AFE0000E0837 /* Release */,
			);
			defaultConfigurationIsVisible = 0;
			defaultConfigurationName = Release;
		};
/* End XCConfigurationList section */
	};
	rootObject = 025AC37F20C0AFDD000E0837 /* Project object */;
}
