PODS:
  - CocoaLumberjack/Core (3.6.0)
  - CocoaLumberjack/Swift (3.6.0):
    - CocoaLumberjack/Core
  - Sparkle (1.22.0)
  - SwiftLint (0.38.2)

DEPENDENCIES:
  - CocoaLumberjack/Swift
  - Sparkle
  - SwiftLint

SPEC REPOS:
  trunk:
    - CocoaLumberjack
    - Sparkle
    - SwiftLint

SPEC CHECKSUMS:
  CocoaLumberjack: 78b0c238666f4f58db069738ec176f4519557516
  Sparkle: 593ac2e677c07bcb6c3b22d621240e7cbedaab57
  SwiftLint: 8f5d2f903e1c9bcbc832fd16771e80a263ac6cbb

PODFILE CHECKSUM: d22e2668dd57d7e41d43aa69ef99382b42df0d24

COCOAPODS: 1.8.4
