PODS:
  - CocoaLumberjack/Core (3.7.0)
  - CocoaLumberjack/Swift (3.7.0):
    - CocoaLumberjack/Core
  - Sparkle (1.24.0)
  - SwiftLint (0.41.0)

DEPENDENCIES:
  - CocoaLumberjack/Swift
  - Sparkle
  - SwiftLint

SPEC REPOS:
  trunk:
    - CocoaLumberjack
    - Sparkle
    - SwiftLint

SPEC CHECKSUMS:
  CocoaLumberjack: e8955b9d337ac307103b0a34fd141c32f27e53c5
  Sparkle: 270cd27377bf04e9c128af06e3a22d0f572d6ee3
  SwiftLint: c585ebd615d9520d7fbdbe151f527977b0534f1e

PODFILE CHECKSUM: a4be4af5f64fb9acd8ae8bfdf92b50ea6e14a6b7

COCOAPODS: 1.10.0
